# THIS IS AN AUTOGENERATED FILE. DO NOT EDIT THIS FILE DIRECTLY.
# yarn lockfile v1


"@scope/util@^3.0.0":
  version "3.1.4"
  resolved "https://registry.yarnpkg.com/@scope/util/-/util-3.1.4.tgz#0123456789abcdef"
  integrity sha512-scopedutilhash

"app-lib@^1.0.0", "app-lib@^1.1.0":
  version "1.2.3"
  resolved "https://registry.yarnpkg.com/app-lib/-/app-lib-1.2.3.tgz#fedcba9876543210"
  integrity sha512-appliphash
  dependencies:
    deep-dep "~2.0.0"
    "@scope/util" "^3.0.0"

"deep-dep@~2.0.0":
  version "2.0.1"
  resolved "https://registry.yarnpkg.com/deep-dep/-/deep-dep-2.0.1.tgz#1122334455667788"
  integrity sha512-deepdephash

"dev-tool@^2.0.0":
  version "2.5.0"
  resolved "https://registry.yarnpkg.com/dev-tool/-/dev-tool-2.5.0.tgz#99aabbccddeeff00"
  integrity sha512-devtoolhash
  dependencies:
    deep-dep "~2.0.0"
