{
  "name": "fixture-v3",
  "version": "1.0.0",
  "lockfileVersion": 3,
  "requires": true,
  "packages": {
    "": {
      "name": "fixture-v3",
      "version": "1.0.0",
      "dependencies": { "a": "^1.0.0", "b": "^1.0.0" },
      "devDependencies": { "d": "^1.0.0" }
    },
    "node_modules/a": {
      "version": "1.2.3",
      "resolved": "https://registry.npmjs.org/a/-/a-1.2.3.tgz",
      "integrity": "sha512-aaa",
      "dependencies": { "b": "^2.0.0" }
    },
    "node_modules/b": {
      "version": "1.0.0",
      "resolved": "https://registry.npmjs.org/b/-/b-1.0.0.tgz",
      "integrity": "sha512-b1"
    },
    "node_modules/a/node_modules/b": {
      "version": "2.0.0",
      "resolved": "https://registry.npmjs.org/b/-/b-2.0.0.tgz",
      "integrity": "sha512-b2"
    },
    "node_modules/d": {
      "version": "1.0.0",
      "dev": true,
      "resolved": "https://registry.npmjs.org/d/-/d-1.0.0.tgz",
      "integrity": "sha512-ddd",
      "dependencies": { "e": "^1.0.0" }
    },
    "node_modules/e": {
      "version": "1.0.0",
      "dev": true,
      "resolved": "https://registry.npmjs.org/e/-/e-1.0.0.tgz",
      "integrity": "sha512-eee"
    }
  }
}
