# This file is generated by running "yarn install" inside your project.
# Manual changes might be lost - proceed with caution!

__metadata:
  version: 8
  cacheKey: 10c0

"@scope/util@npm:^3.0.0":
  version: 3.1.4
  resolution: "@scope/util@npm:3.1.4"
  checksum: 10c0/scopedutilhash
  languageName: node
  linkType: hard

"app-lib@npm:^1.0.0, app-lib@npm:^1.1.0":
  version: 1.2.3
  resolution: "app-lib@npm:1.2.3"
  dependencies:
    deep-dep: "npm:~2.0.0"
    "@scope/util": "npm:^3.0.0"
  checksum: 10c0/appliphash
  languageName: node
  linkType: hard

"deep-dep@npm:~2.0.0":
  version: 2.0.1
  resolution: "deep-dep@npm:2.0.1"
  checksum: 10c0/deepdephash
  languageName: node
  linkType: hard

"dev-tool@npm:^2.0.0":
  version: 2.5.0
  resolution: "dev-tool@npm:2.5.0"
  dependencies:
    deep-dep: "npm:~2.0.0"
  checksum: 10c0/devtoolhash
  languageName: node
  linkType: hard

"yarn-berry-nested@workspace:.":
  version: 0.0.0-use.local
  resolution: "yarn-berry-nested@workspace:."
  dependencies:
    "@scope/util": "npm:^3.0.0"
    app-lib: "npm:^1.0.0"
    dev-tool: "npm:^2.0.0"
  languageName: unknown
  linkType: soft
