{
  "name": "v3-workspaces",
  "version": "1.0.0",
  "lockfileVersion": 3,
  "requires": true,
  "packages": {
    "": {
      "name": "v3-workspaces",
      "version": "1.0.0",
      "workspaces": ["packages/*"],
      "dependencies": {
        "root-dep": "^1.0.0"
      }
    },
    "packages/app": {
      "name": "@ws/app",
      "version": "0.1.0",
      "dependencies": {
        "@ws/lib": "^0.1.0",
        "shared-dep": "^2.0.0"
      },
      "devDependencies": {
        "app-dev-dep": "^4.0.0"
      }
    },
    "packages/lib": {
      "name": "@ws/lib",
      "version": "0.1.0",
      "dependencies": {
        "lib-only-dep": "^3.0.0"
      }
    },
    "node_modules/@ws/app": {
      "resolved": "packages/app",
      "link": true
    },
    "node_modules/@ws/lib": {
      "resolved": "packages/lib",
      "link": true
    },
    "node_modules/root-dep": {
      "version": "1.5.0",
      "resolved": "https://registry.npmjs.org/root-dep/-/root-dep-1.5.0.tgz",
      "integrity": "sha512-rootdep"
    },
    "node_modules/shared-dep": {
      "version": "2.2.0",
      "resolved": "https://registry.npmjs.org/shared-dep/-/shared-dep-2.2.0.tgz",
      "integrity": "sha512-shareddep"
    },
    "node_modules/lib-only-dep": {
      "version": "3.0.1",
      "resolved": "https://registry.npmjs.org/lib-only-dep/-/lib-only-dep-3.0.1.tgz",
      "integrity": "sha512-libonlydep"
    },
    "node_modules/app-dev-dep": {
      "version": "4.1.0",
      "resolved": "https://registry.npmjs.org/app-dev-dep/-/app-dev-dep-4.1.0.tgz",
      "integrity": "sha512-appdevdep",
      "dev": true
    }
  }
}
