lockfileVersion: '9.0'

importers:
  .:
    devDependencies:
      eslint:
        specifier: ^9.39.4
        version: 9.39.4(jiti@1.21.7)
      '@eslint-community/eslint-utils':
        specifier: ^4.9.1
        version: 4.9.1(eslint@9.39.4(jiti@1.21.7))

packages:
  '@eslint-community/eslint-utils@4.9.1':
    resolution: { integrity: sha512-eslintutilshash }
    peerDependencies:
      eslint: ^9.0.0

  eslint@9.39.4:
    resolution: { integrity: sha512-eslinthash }

  jiti@1.21.7:
    resolution: { integrity: sha512-jitihash }

snapshots:
  '@eslint-community/eslint-utils@4.9.1(eslint@9.39.4(jiti@1.21.7))':
    dependencies:
      eslint: 9.39.4(jiti@1.21.7)

  eslint@9.39.4(jiti@1.21.7):
    dependencies:
      jiti: 1.21.7

  jiti@1.21.7: {}
