{
  "name": "hostile-name",
  "version": "1.0.0",
  "lockfileVersion": 3,
  "packages": {
    "": {
      "name": "hostile-name",
      "version": "1.0.0",
      "dependencies": { "evil": "^1.0.0" }
    },
    "node_modules/evil": {
      "name": "../../../etc/passwd",
      "version": "1.0.0",
      "integrity": "sha512-evil"
    }
  }
}
