{
  "name": "hostile-proto",
  "version": "1.0.0",
  "lockfileVersion": 3,
  "__proto__": { "polluted": "yes" },
  "packages": {
    "": {
      "name": "hostile-proto",
      "version": "1.0.0",
      "dependencies": { "safe-pkg": "^1.0.0" }
    },
    "__proto__": { "polluted": "yes" },
    "node_modules/safe-pkg": {
      "version": "1.0.0",
      "integrity": "sha512-safe",
      "__proto__": { "polluted": "yes" }
    }
  }
}
