{
  "name": "fixture-v2",
  "version": "1.0.0",
  "lockfileVersion": 2,
  "requires": true,
  "packages": {
    "": {
      "name": "fixture-v2",
      "version": "1.0.0",
      "dependencies": { "@scope/lib": "^3.0.0" }
    },
    "node_modules/@scope/lib": {
      "version": "3.1.4",
      "resolved": "https://registry.npmjs.org/@scope/lib/-/lib-3.1.4.tgz",
      "integrity": "sha512-scoped"
    }
  },
  "dependencies": {
    "@scope/lib": {
      "version": "3.1.4",
      "resolved": "https://registry.npmjs.org/@scope/lib/-/lib-3.1.4.tgz",
      "integrity": "sha512-scoped"
    }
  }
}
